
Microsoft Visual Studio Solution File, Format Version 12.00
# Visual Studio Version 17
VisualStudioVersion = 17.10.34928.147
MinimumVisualStudioVersion = 10.0.40219.1
Project("{FAE04EC0-301F-11D3-BF4B-00C04F79EFBC}") = "Assembly-CSharp", "Assembly-CSharp.csproj", "{3194257F-B44E-CDBB-4DC5-FB5189B69703}"
EndProject
Project("{FAE04EC0-301F-11D3-BF4B-00C04F79EFBC}") = "Assembly-CSharp-Editor", "Assembly-CSharp-Editor.csproj", "{8B6472C4-3692-56FB-58A1-5B7D5B1D2963}"
EndProject
Global
	GlobalSection(SolutionConfigurationPlatforms) = preSolution
		Debug|Any CPU = Debug|Any CPU
		Release|Any CPU = Release|Any CPU
	EndGlobalSection
	GlobalSection(ProjectConfigurationPlatforms) = postSolution
		{3194257F-B44E-CDBB-4DC5-FB5189B69703}.Debug|Any CPU.ActiveCfg = Debug|Any CPU
		{3194257F-B44E-CDBB-4DC5-FB5189B69703}.Debug|Any CPU.Build.0 = Debug|Any CPU
		{3194257F-B44E-CDBB-4DC5-FB5189B69703}.Release|Any CPU.ActiveCfg = Release|Any CPU
		{3194257F-B44E-CDBB-4DC5-FB5189B69703}.Release|Any CPU.Build.0 = Release|Any CPU
		{8B6472C4-3692-56FB-58A1-5B7D5B1D2963}.Debug|Any CPU.ActiveCfg = Debug|Any CPU
		{8B6472C4-3692-56FB-58A1-5B7D5B1D2963}.Debug|Any CPU.Build.0 = Debug|Any CPU
		{8B6472C4-3692-56FB-58A1-5B7D5B1D2963}.Release|Any CPU.ActiveCfg = Release|Any CPU
		{8B6472C4-3692-56FB-58A1-5B7D5B1D2963}.Release|Any CPU.Build.0 = Release|Any CPU
	EndGlobalSection
	GlobalSection(SolutionProperties) = preSolution
		HideSolutionNode = FALSE
	EndGlobalSection
	GlobalSection(ExtensibilityGlobals) = postSolution
		SolutionGuid = {C228E5D7-42D6-489D-8800-07D4DF33400D}
	EndGlobalSection
EndGlobal
