
Microsoft Visual Studio Solution File, Format Version 12.00
# Visual Studio 15
Project("{FAE04EC0-301F-11D3-BF4B-00C04F79EFBC}") = "Assembly-CSharp", "Assembly-CSharp.csproj", "{D29D0015-9EC4-3E5A-1F10-31C5CA82E417}"
EndProject
Project("{FAE04EC0-301F-11D3-BF4B-00C04F79EFBC}") = "Assembly-CSharp-Editor", "Assembly-CSharp-Editor.csproj", "{3E253CC9-C5D3-851A-2D1F-A65A031E937B}"
EndProject
Global
	GlobalSection(SolutionConfigurationPlatforms) = preSolution
		Debug|Any CPU = Debug|Any CPU
		Release|Any CPU = Release|Any CPU
	EndGlobalSection
	GlobalSection(ProjectConfigurationPlatforms) = postSolution
		{D29D0015-9EC4-3E5A-1F10-31C5CA82E417}.Debug|Any CPU.ActiveCfg = Debug|Any CPU
		{D29D0015-9EC4-3E5A-1F10-31C5CA82E417}.Debug|Any CPU.Build.0 = Debug|Any CPU
		{D29D0015-9EC4-3E5A-1F10-31C5CA82E417}.Release|Any CPU.ActiveCfg = Release|Any CPU
		{D29D0015-9EC4-3E5A-1F10-31C5CA82E417}.Release|Any CPU.Build.0 = Release|Any CPU
		{3E253CC9-C5D3-851A-2D1F-A65A031E937B}.Debug|Any CPU.ActiveCfg = Debug|Any CPU
		{3E253CC9-C5D3-851A-2D1F-A65A031E937B}.Debug|Any CPU.Build.0 = Debug|Any CPU
		{3E253CC9-C5D3-851A-2D1F-A65A031E937B}.Release|Any CPU.ActiveCfg = Release|Any CPU
		{3E253CC9-C5D3-851A-2D1F-A65A031E937B}.Release|Any CPU.Build.0 = Release|Any CPU
	EndGlobalSection
	GlobalSection(SolutionProperties) = preSolution
		HideSolutionNode = FALSE
	EndGlobalSection
EndGlobal
